
Microsoft Visual Studio Solution File, Format Version 12.00
# Visual Studio Version 17
VisualStudioVersion = 17.2.32519.379
MinimumVisualStudioVersion = 10.0.40219.1
Project("{FAE04EC0-301F-11D3-BF4B-00C04F79EFBC}") = "nilu project 001", "nilu project 001\nilu project 001.csproj", "{585DC8EE-6A98-4DEB-BA22-FE867E6AFC0A}"
EndProject
Global
	GlobalSection(SolutionConfigurationPlatforms) = preSolution
		Debug|Any CPU = Debug|Any CPU
		Release|Any CPU = Release|Any CPU
	EndGlobalSection
	GlobalSection(ProjectConfigurationPlatforms) = postSolution
		{585DC8EE-6A98-4DEB-BA22-FE867E6AFC0A}.Debug|Any CPU.ActiveCfg = Debug|Any CPU
		{585DC8EE-6A98-4DEB-BA22-FE867E6AFC0A}.Debug|Any CPU.Build.0 = Debug|Any CPU
		{585DC8EE-6A98-4DEB-BA22-FE867E6AFC0A}.Release|Any CPU.ActiveCfg = Release|Any CPU
		{585DC8EE-6A98-4DEB-BA22-FE867E6AFC0A}.Release|Any CPU.Build.0 = Release|Any CPU
	EndGlobalSection
	GlobalSection(SolutionProperties) = preSolution
		HideSolutionNode = FALSE
	EndGlobalSection
	GlobalSection(ExtensibilityGlobals) = postSolution
		SolutionGuid = {C3B9E316-6B16-4B7D-BDB9-21B30C9BA8BA}
	EndGlobalSection
EndGlobal
